{
  "name": "my-app",
  "version": "0.1.0",
  "lockfileVersion": 1,
  "requires": true,
  "dependencies": {
    "@babel/runtime": {
      "version": "7.4.3",
      "resolved": "https://registry.npmjs.org/@babel/runtime/-/runtime-7.4.3.tgz",
      "integrity": "sha512-9lsJwJLxDh/T3Q3SZszfWOTkk3pHbkmH+3KY+zwIDmsNlxsumuhS2TH3NIpktU4kNvfzy+k3eLT7aTJSPTo0OA==",
      "requires": {
        "regenerator-runtime": "0.13.2"
      }
    },
    "html-parse-stringify2": {
      "version": "2.0.1",
      "resolved": "https://registry.npmjs.org/html-parse-stringify2/-/html-parse-stringify2-2.0.1.tgz",
      "integrity": "sha1-3FZwtyksoVi3vJFsmmc1rIhyg0o=",
      "requires": {
        "void-elements": "2.0.1"
      }
    },
    "i18next": {
      "version": "15.0.9",
      "resolved": "https://registry.npmjs.org/i18next/-/i18next-15.0.9.tgz",
      "integrity": "sha512-IdVj7DqErUuMbGuj2dFT431T7zKlmDci63eae6pNA/bMwgBZKT74/KnwHXE0WH7ivo2EV/LNme4pP4Yw6vB79w==",
      "requires": {
        "@babel/runtime": "7.4.3"
      }
    },
    "react-i18next": {
      "version": "10.7.0",
      "resolved": "https://registry.npmjs.org/react-i18next/-/react-i18next-10.7.0.tgz",
      "integrity": "sha512-tkz0u9p+GeCUelTgn14mDP6ZgzvTNwdYQ1pCL5dnRzf8j28id00GwNrYY/Z67QmV/MbZ88Ejjh8uy5Gfdz7Drg==",
      "requires": {
        "@babel/runtime": "7.4.3",
        "html-parse-stringify2": "2.0.1"
      }
    },
    "regenerator-runtime": {
      "version": "0.13.2",
      "resolved": "https://registry.npmjs.org/regenerator-runtime/-/regenerator-runtime-0.13.2.tgz",
      "integrity": "sha512-S/TQAZJO+D3m9xeN1WTI8dLKBBiRgXBlTJvbWjCThHWZj9EvHK70Ff50/tYj2J/fvBY6JtFVwRuazHN2E7M9BA=="
    },
    "void-elements": {
      "version": "2.0.1",
      "resolved": "https://registry.npmjs.org/void-elements/-/void-elements-2.0.1.tgz",
      "integrity": "sha1-wGavtYK7HLQSjWDqkjkulNXp2+w="
    }
  }
}
